PODS:
  - Flutter (1.0.0)
  - flutter_ar_plugin (0.0.1):
    - Flutter
    - GLTFSceneKit
    - RiveRuntime
  - GLTFSceneKit (0.3.0)
  - integration_test (0.0.1):
    - Flutter
  - path_provider_foundation (0.0.1):
    - Flutter
    - FlutterMacOS
  - RiveRuntime (6.7.1)

DEPENDENCIES:
  - Flutter (from `Flutter`)
  - flutter_ar_plugin (from `.symlinks/plugins/flutter_ar_plugin/ios`)
  - integration_test (from `.symlinks/plugins/integration_test/ios`)
  - path_provider_foundation (from `.symlinks/plugins/path_provider_foundation/darwin`)

SPEC REPOS:
  trunk:
    - GLTFSceneKit
    - RiveRuntime

EXTERNAL SOURCES:
  Flutter:
    :path: Flutter
  flutter_ar_plugin:
    :path: ".symlinks/plugins/flutter_ar_plugin/ios"
  integration_test:
    :path: ".symlinks/plugins/integration_test/ios"
  path_provider_foundation:
    :path: ".symlinks/plugins/path_provider_foundation/darwin"

SPEC CHECKSUMS:
  Flutter: e0871f40cf51350855a761d2e70bf5af5b9b5de7
  flutter_ar_plugin: bb4d799b0bf506a9eeab4d90b0c9c04b2fa2933c
  GLTFSceneKit: d1b437c514ba2aed5555afb0fddd64e030612d57
  integration_test: 252f60fa39af5e17c3aa9899d35d908a0721b573
  path_provider_foundation: 2b6b4c569c0fb62ec74538f866245ac84301af46
  RiveRuntime: 13f0ace1b690621704200af9774ca6705c6b2d99

PODFILE CHECKSUM: 7bb08e8bd89bec0588bdb44b8f8bbb6ec0b86ee0

COCOAPODS: 1.15.2
